
Microsoft Visual Studio Solution File, Format Version 12.00
# Visual Studio Version 17
VisualStudioVersion = 17.8.34330.188
MinimumVisualStudioVersion = 10.0.40219.1
Project("{FAE04EC0-301F-11D3-BF4B-00C04F79EFBC}") = "User.Management.API", "User.Management.API\User.Management.API.csproj", "{FDBF683A-0363-459C-A865-A7A698C980F8}"
EndProject
Project("{FAE04EC0-301F-11D3-BF4B-00C04F79EFBC}") = "User.Management.Service", "User.Management.Service\User.Management.Service.csproj", "{B30DD906-AA01-4639-9897-9B9F8520EE5E}"
EndProject
Global
	GlobalSection(SolutionConfigurationPlatforms) = preSolution
		Debug|Any CPU = Debug|Any CPU
		Release|Any CPU = Release|Any CPU
	EndGlobalSection
	GlobalSection(ProjectConfigurationPlatforms) = postSolution
		{FDBF683A-0363-459C-A865-A7A698C980F8}.Debug|Any CPU.ActiveCfg = Debug|Any CPU
		{FDBF683A-0363-459C-A865-A7A698C980F8}.Debug|Any CPU.Build.0 = Debug|Any CPU
		{FDBF683A-0363-459C-A865-A7A698C980F8}.Release|Any CPU.ActiveCfg = Release|Any CPU
		{FDBF683A-0363-459C-A865-A7A698C980F8}.Release|Any CPU.Build.0 = Release|Any CPU
		{B30DD906-AA01-4639-9897-9B9F8520EE5E}.Debug|Any CPU.ActiveCfg = Debug|Any CPU
		{B30DD906-AA01-4639-9897-9B9F8520EE5E}.Debug|Any CPU.Build.0 = Debug|Any CPU
		{B30DD906-AA01-4639-9897-9B9F8520EE5E}.Release|Any CPU.ActiveCfg = Release|Any CPU
		{B30DD906-AA01-4639-9897-9B9F8520EE5E}.Release|Any CPU.Build.0 = Release|Any CPU
	EndGlobalSection
	GlobalSection(SolutionProperties) = preSolution
		HideSolutionNode = FALSE
	EndGlobalSection
	GlobalSection(ExtensibilityGlobals) = postSolution
		SolutionGuid = {B1E7E53A-7AB9-4BB1-B516-1526E61CF742}
	EndGlobalSection
EndGlobal
