
Microsoft Visual Studio Solution File, Format Version 12.00
# Visual Studio Version 17
VisualStudioVersion = 17.8.34330.188
MinimumVisualStudioVersion = 10.0.40219.1
Project("{FAE04EC0-301F-11D3-BF4B-00C04F79EFBC}") = "LINQDemo", "LINQDemo\LINQDemo.csproj", "{29FD99AD-FFC2-4947-9C97-701B75F38B73}"
EndProject
Global
	GlobalSection(SolutionConfigurationPlatforms) = preSolution
		Debug|Any CPU = Debug|Any CPU
		Release|Any CPU = Release|Any CPU
	EndGlobalSection
	GlobalSection(ProjectConfigurationPlatforms) = postSolution
		{29FD99AD-FFC2-4947-9C97-701B75F38B73}.Debug|Any CPU.ActiveCfg = Debug|Any CPU
		{29FD99AD-FFC2-4947-9C97-701B75F38B73}.Debug|Any CPU.Build.0 = Debug|Any CPU
		{29FD99AD-FFC2-4947-9C97-701B75F38B73}.Release|Any CPU.ActiveCfg = Release|Any CPU
		{29FD99AD-FFC2-4947-9C97-701B75F38B73}.Release|Any CPU.Build.0 = Release|Any CPU
	EndGlobalSection
	GlobalSection(SolutionProperties) = preSolution
		HideSolutionNode = FALSE
	EndGlobalSection
	GlobalSection(ExtensibilityGlobals) = postSolution
		SolutionGuid = {C6D7DEE7-33BC-4139-B001-831451734079}
	EndGlobalSection
EndGlobal
