
Microsoft Visual Studio Solution File, Format Version 12.00
# Visual Studio Version 17
VisualStudioVersion = 17.8.34330.188
MinimumVisualStudioVersion = 10.0.40219.1
Project("{FAE04EC0-301F-11D3-BF4B-00C04F79EFBC}") = "ADO_Demo", "ADO_Demo\ADO_Demo.csproj", "{5E4E489B-166D-4777-B8F5-9264DFF28ACF}"
EndProject
Global
	GlobalSection(SolutionConfigurationPlatforms) = preSolution
		Debug|Any CPU = Debug|Any CPU
		Release|Any CPU = Release|Any CPU
	EndGlobalSection
	GlobalSection(ProjectConfigurationPlatforms) = postSolution
		{5E4E489B-166D-4777-B8F5-9264DFF28ACF}.Debug|Any CPU.ActiveCfg = Debug|Any CPU
		{5E4E489B-166D-4777-B8F5-9264DFF28ACF}.Debug|Any CPU.Build.0 = Debug|Any CPU
		{5E4E489B-166D-4777-B8F5-9264DFF28ACF}.Release|Any CPU.ActiveCfg = Release|Any CPU
		{5E4E489B-166D-4777-B8F5-9264DFF28ACF}.Release|Any CPU.Build.0 = Release|Any CPU
	EndGlobalSection
	GlobalSection(SolutionProperties) = preSolution
		HideSolutionNode = FALSE
	EndGlobalSection
	GlobalSection(ExtensibilityGlobals) = postSolution
		SolutionGuid = {A62EA2FA-7A05-4541-9F0F-AE0101213824}
	EndGlobalSection
EndGlobal
